// !$*UTF8*$!
{
	archiveVersion = 1;
	classes = {
	};
	objectVersion = 50;
	objects = {

/* Begin PBXBuildFile section */
		154ED08225DA706300B789DD /* AppDelegate.swift in Sources */ = {isa = PBXBuildFile; fileRef = 154ED08125DA706300B789DD /* AppDelegate.swift */; };
		154ED08425DA706300B789DD /* SceneDelegate.swift in Sources */ = {isa = PBXBuildFile; fileRef = 154ED08325DA706300B789DD /* SceneDelegate.swift */; };
		154ED08925DA706300B789DD /* Main.storyboard in Resources */ = {isa = PBXBuildFile; fileRef = 154ED08725DA706300B789DD /* Main.storyboard */; };
		154ED08C25DA706300B789DD /* AFPProject_Team10_1.xcdatamodeld in Sources */ = {isa = PBXBuildFile; fileRef = 154ED08A25DA706300B789DD /* AFPProject_Team10_1.xcdatamodeld */; };
		154ED08E25DA706400B789DD /* Assets.xcassets in Resources */ = {isa = PBXBuildFile; fileRef = 154ED08D25DA706400B789DD /* Assets.xcassets */; };
		154ED09125DA706400B789DD /* LaunchScreen.storyboard in Resources */ = {isa = PBXBuildFile; fileRef = 154ED08F25DA706400B789DD /* LaunchScreen.storyboard */; };
		5621FA3025DE755900A4438B /* SpeakViewController.swift in Sources */ = {isa = PBXBuildFile; fileRef = 5621FA2F25DE755900A4438B /* SpeakViewController.swift */; };
		568CCF1B25DA825000C1F48A /* VisionObjectRecognitionViewController.swift in Sources */ = {isa = PBXBuildFile; fileRef = 568CCF1A25DA825000C1F48A /* VisionObjectRecognitionViewController.swift */; };
		568CCF2125DA84F900C1F48A /* ViewController.swift in Sources */ = {isa = PBXBuildFile; fileRef = 568CCF2025DA84F800C1F48A /* ViewController.swift */; };
		56FEAF9925E033580084431E /* NavigationBarController.swift in Sources */ = {isa = PBXBuildFile; fileRef = 56FEAF9825E033580084431E /* NavigationBarController.swift */; };
		B94EA2B125E116F000ECC865 /* YOLOv3Int8LUT.mlmodel in Sources */ = {isa = PBXBuildFile; fileRef = B94EA2B025E116F000ECC865 /* YOLOv3Int8LUT.mlmodel */; };
/* End PBXBuildFile section */

/* Begin PBXFileReference section */
		154ED07E25DA706300B789DD /* AFPProject-Team10.1.app */ = {isa = PBXFileReference; explicitFileType = wrapper.application; includeInIndex = 0; path = "AFPProject-Team10.1.app"; sourceTree = BUILT_PRODUCTS_DIR; };
		154ED08125DA706300B789DD /* AppDelegate.swift */ = {isa = PBXFileReference; lastKnownFileType = sourcecode.swift; path = AppDelegate.swift; sourceTree = "<group>"; };
		154ED08325DA706300B789DD /* SceneDelegate.swift */ = {isa = PBXFileReference; lastKnownFileType = sourcecode.swift; path = SceneDelegate.swift; sourceTree = "<group>"; };
		154ED08825DA706300B789DD /* Base */ = {isa = PBXFileReference; lastKnownFileType = file.storyboard; name = Base; path = Base.lproj/Main.storyboard; sourceTree = "<group>"; };
		154ED08B25DA706300B789DD /* AFPProject_Team10_1.xcdatamodel */ = {isa = PBXFileReference; lastKnownFileType = wrapper.xcdatamodel; path = AFPProject_Team10_1.xcdatamodel; sourceTree = "<group>"; };
		154ED08D25DA706400B789DD /* Assets.xcassets */ = {isa = PBXFileReference; lastKnownFileType = folder.assetcatalog; path = Assets.xcassets; sourceTree = "<group>"; };
		154ED09025DA706400B789DD /* Base */ = {isa = PBXFileReference; lastKnownFileType = file.storyboard; name = Base; path = Base.lproj/LaunchScreen.storyboard; sourceTree = "<group>"; };
		154ED09225DA706400B789DD /* Info.plist */ = {isa = PBXFileReference; lastKnownFileType = text.plist.xml; path = Info.plist; sourceTree = "<group>"; };
		5621FA2F25DE755900A4438B /* SpeakViewController.swift */ = {isa = PBXFileReference; lastKnownFileType = sourcecode.swift; path = SpeakViewController.swift; sourceTree = "<group>"; };
		568CCF1A25DA825000C1F48A /* VisionObjectRecognitionViewController.swift */ = {isa = PBXFileReference; fileEncoding = 4; lastKnownFileType = sourcecode.swift; path = VisionObjectRecognitionViewController.swift; sourceTree = "<group>"; };
		568CCF2025DA84F800C1F48A /* ViewController.swift */ = {isa = PBXFileReference; fileEncoding = 4; lastKnownFileType = sourcecode.swift; path = ViewController.swift; sourceTree = "<group>"; };
		56FEAF9825E033580084431E /* NavigationBarController.swift */ = {isa = PBXFileReference; lastKnownFileType = sourcecode.swift; path = NavigationBarController.swift; sourceTree = "<group>"; };
		B94EA2B025E116F000ECC865 /* YOLOv3Int8LUT.mlmodel */ = {isa = PBXFileReference; lastKnownFileType = file.mlmodel; path = YOLOv3Int8LUT.mlmodel; sourceTree = "<group>"; };
/* End PBXFileReference section */

/* Begin PBXFrameworksBuildPhase section */
		154ED07B25DA706300B789DD /* Frameworks */ = {
			isa = PBXFrameworksBuildPhase;
			buildActionMask = 2147483647;
			files = (
			);
			runOnlyForDeploymentPostprocessing = 0;
		};
/* End PBXFrameworksBuildPhase section */

/* Begin PBXGroup section */
		154ED07525DA706300B789DD = {
			isa = PBXGroup;
			children = (
				154ED08025DA706300B789DD /* AFPProject-Team10.1 */,
				154ED07F25DA706300B789DD /* Products */,
			);
			sourceTree = "<group>";
		};
		154ED07F25DA706300B789DD /* Products */ = {
			isa = PBXGroup;
			children = (
				154ED07E25DA706300B789DD /* AFPProject-Team10.1.app */,
			);
			name = Products;
			sourceTree = "<group>";
		};
		154ED08025DA706300B789DD /* AFPProject-Team10.1 */ = {
			isa = PBXGroup;
			children = (
				154ED08125DA706300B789DD /* AppDelegate.swift */,
				568CCF1A25DA825000C1F48A /* VisionObjectRecognitionViewController.swift */,
				568CCF2025DA84F800C1F48A /* ViewController.swift */,
				154ED08325DA706300B789DD /* SceneDelegate.swift */,
				B94EA2B025E116F000ECC865 /* YOLOv3Int8LUT.mlmodel */,
				154ED08725DA706300B789DD /* Main.storyboard */,
				154ED08D25DA706400B789DD /* Assets.xcassets */,
				154ED08F25DA706400B789DD /* LaunchScreen.storyboard */,
				154ED09225DA706400B789DD /* Info.plist */,
				154ED08A25DA706300B789DD /* AFPProject_Team10_1.xcdatamodeld */,
				5621FA2F25DE755900A4438B /* SpeakViewController.swift */,
				56FEAF9825E033580084431E /* NavigationBarController.swift */,
			);
			path = "AFPProject-Team10.1";
			sourceTree = "<group>";
		};
/* End PBXGroup section */

/* Begin PBXNativeTarget section */
		154ED07D25DA706300B789DD /* AFPProject-Team10.1 */ = {
			isa = PBXNativeTarget;
			buildConfigurationList = 154ED09525DA706400B789DD /* Build configuration list for PBXNativeTarget "AFPProject-Team10.1" */;
			buildPhases = (
				154ED07A25DA706300B789DD /* Sources */,
				154ED07B25DA706300B789DD /* Frameworks */,
				154ED07C25DA706300B789DD /* Resources */,
			);
			buildRules = (
			);
			dependencies = (
			);
			name = "AFPProject-Team10.1";
			productName = "AFPProject-Team10.1";
			productReference = 154ED07E25DA706300B789DD /* AFPProject-Team10.1.app */;
			productType = "com.apple.product-type.application";
		};
/* End PBXNativeTarget section */

/* Begin PBXProject section */
		154ED07625DA706300B789DD /* Project object */ = {
			isa = PBXProject;
			attributes = {
				LastSwiftUpdateCheck = 1240;
				LastUpgradeCheck = 1240;
				TargetAttributes = {
					154ED07D25DA706300B789DD = {
						CreatedOnToolsVersion = 12.4;
					};
				};
			};
			buildConfigurationList = 154ED07925DA706300B789DD /* Build configuration list for PBXProject "AFPProject-Team10.1" */;
			compatibilityVersion = "Xcode 9.3";
			developmentRegion = en;
			hasScannedForEncodings = 0;
			knownRegions = (
				en,
				Base,
			);
			mainGroup = 154ED07525DA706300B789DD;
			productRefGroup = 154ED07F25DA706300B789DD /* Products */;
			projectDirPath = "";
			projectRoot = "";
			targets = (
				154ED07D25DA706300B789DD /* AFPProject-Team10.1 */,
			);
		};
/* End PBXProject section */

/* Begin PBXResourcesBuildPhase section */
		154ED07C25DA706300B789DD /* Resources */ = {
			isa = PBXResourcesBuildPhase;
			buildActionMask = 2147483647;
			files = (
				154ED09125DA706400B789DD /* LaunchScreen.storyboard in Resources */,
				154ED08E25DA706400B789DD /* Assets.xcassets in Resources */,
				154ED08925DA706300B789DD /* Main.storyboard in Resources */,
			);
			runOnlyForDeploymentPostprocessing = 0;
		};
/* End PBXResourcesBuildPhase section */

/* Begin PBXSourcesBuildPhase section */
		154ED07A25DA706300B789DD /* Sources */ = {
			isa = PBXSourcesBuildPhase;
			buildActionMask = 2147483647;
			files = (
				B94EA2B125E116F000ECC865 /* YOLOv3Int8LUT.mlmodel in Sources */,
				56FEAF9925E033580084431E /* NavigationBarController.swift in Sources */,
				5621FA3025DE755900A4438B /* SpeakViewController.swift in Sources */,
				568CCF2125DA84F900C1F48A /* ViewController.swift in Sources */,
				154ED08225DA706300B789DD /* AppDelegate.swift in Sources */,
				154ED08C25DA706300B789DD /* AFPProject_Team10_1.xcdatamodeld in Sources */,
				154ED08425DA706300B789DD /* SceneDelegate.swift in Sources */,
				568CCF1B25DA825000C1F48A /* VisionObjectRecognitionViewController.swift in Sources */,
			);
			runOnlyForDeploymentPostprocessing = 0;
		};
/* End PBXSourcesBuildPhase section */

/* Begin PBXVariantGroup section */
		154ED08725DA706300B789DD /* Main.storyboard */ = {
			isa = PBXVariantGroup;
			children = (
				154ED08825DA706300B789DD /* Base */,
			);
			name = Main.storyboard;
			sourceTree = "<group>";
		};
		154ED08F25DA706400B789DD /* LaunchScreen.storyboard */ = {
			isa = PBXVariantGroup;
			children = (
				154ED09025DA706400B789DD /* Base */,
			);
			name = LaunchScreen.storyboard;
			sourceTree = "<group>";
		};
/* End PBXVariantGroup section */

/* Begin XCBuildConfiguration section */
		154ED09325DA706400B789DD /* Debug */ = {
			isa = XCBuildConfiguration;
			buildSettings = {
				ALWAYS_SEARCH_USER_PATHS = NO;
				CLANG_ANALYZER_NONNULL = YES;
				CLANG_ANALYZER_NUMBER_OBJECT_CONVERSION = YES_AGGRESSIVE;
				CLANG_CXX_LANGUAGE_STANDARD = "gnu++14";
				CLANG_CXX_LIBRARY = "libc++";
				CLANG_ENABLE_MODULES = YES;
				CLANG_ENABLE_OBJC_ARC = YES;
				CLANG_ENABLE_OBJC_WEAK = YES;
				CLANG_WARN_BLOCK_CAPTURE_AUTORELEASING = YES;
				CLANG_WARN_BOOL_CONVERSION = YES;
				CLANG_WARN_COMMA = YES;
				CLANG_WARN_CONSTANT_CONVERSION = YES;
				CLANG_WARN_DEPRECATED_OBJC_IMPLEMENTATIONS = YES;
				CLANG_WARN_DIRECT_OBJC_ISA_USAGE = YES_ERROR;
				CLANG_WARN_DOCUMENTATION_COMMENTS = YES;
				CLANG_WARN_EMPTY_BODY = YES;
				CLANG_WARN_ENUM_CONVERSION = YES;
				CLANG_WARN_INFINITE_RECURSION = YES;
				CLANG_WARN_INT_CONVERSION = YES;
				CLANG_WARN_NON_LITERAL_NULL_CONVERSION = YES;
				CLANG_WARN_OBJC_IMPLICIT_RETAIN_SELF = YES;
				CLANG_WARN_OBJC_LITERAL_CONVERSION = YES;
				CLANG_WARN_OBJC_ROOT_CLASS = YES_ERROR;
				CLANG_WARN_QUOTED_INCLUDE_IN_FRAMEWORK_HEADER = YES;
				CLANG_WARN_RANGE_LOOP_ANALYSIS = YES;
				CLANG_WARN_STRICT_PROTOTYPES = YES;
				CLANG_WARN_SUSPICIOUS_MOVE = YES;
				CLANG_WARN_UNGUARDED_AVAILABILITY = YES_AGGRESSIVE;
				CLANG_WARN_UNREACHABLE_CODE = YES;
				CLANG_WARN__DUPLICATE_METHOD_MATCH = YES;
				COPY_PHASE_STRIP = NO;
				DEBUG_INFORMATION_FORMAT = dwarf;
				ENABLE_STRICT_OBJC_MSGSEND = YES;
				ENABLE_TESTABILITY = YES;
				GCC_C_LANGUAGE_STANDARD = gnu11;
				GCC_DYNAMIC_NO_PIC = NO;
				GCC_NO_COMMON_BLOCKS = YES;
				GCC_OPTIMIZATION_LEVEL = 0;
				GCC_PREPROCESSOR_DEFINITIONS = (
					"DEBUG=1",
					"$(inherited)",
				);
				GCC_WARN_64_TO_32_BIT_CONVERSION = YES;
				GCC_WARN_ABOUT_RETURN_TYPE = YES_ERROR;
				GCC_WARN_UNDECLARED_SELECTOR = YES;
				GCC_WARN_UNINITIALIZED_AUTOS = YES_AGGRESSIVE;
				GCC_WARN_UNUSED_FUNCTION = YES;
				GCC_WARN_UNUSED_VARIABLE = YES;
				IPHONEOS_DEPLOYMENT_TARGET = 14.4;
				MTL_ENABLE_DEBUG_INFO = INCLUDE_SOURCE;
				MTL_FAST_MATH = YES;
				ONLY_ACTIVE_ARCH = YES;
				SDKROOT = iphoneos;
				SWIFT_ACTIVE_COMPILATION_CONDITIONS = DEBUG;
				SWIFT_OPTIMIZATION_LEVEL = "-Onone";
			};
			name = Debug;
		};
		154ED09425DA706400B789DD /* Release */ = {
			isa = XCBuildConfiguration;
			buildSettings = {
				ALWAYS_SEARCH_USER_PATHS = NO;
				CLANG_ANALYZER_NONNULL = YES;
				CLANG_ANALYZER_NUMBER_OBJECT_CONVERSION = YES_AGGRESSIVE;
				CLANG_CXX_LANGUAGE_STANDARD = "gnu++14";
				CLANG_CXX_LIBRARY = "libc++";
				CLANG_ENABLE_MODULES = YES;
				CLANG_ENABLE_OBJC_ARC = YES;
				CLANG_ENABLE_OBJC_WEAK = YES;
				CLANG_WARN_BLOCK_CAPTURE_AUTORELEASING = YES;
				CLANG_WARN_BOOL_CONVERSION = YES;
				CLANG_WARN_COMMA = YES;
				CLANG_WARN_CONSTANT_CONVERSION = YES;
				CLANG_WARN_DEPRECATED_OBJC_IMPLEMENTATIONS = YES;
				CLANG_WARN_DIRECT_OBJC_ISA_USAGE = YES_ERROR;
				CLANG_WARN_DOCUMENTATION_COMMENTS = YES;
				CLANG_WARN_EMPTY_BODY = YES;
				CLANG_WARN_ENUM_CONVERSION = YES;
				CLANG_WARN_INFINITE_RECURSION = YES;
				CLANG_WARN_INT_CONVERSION = YES;
				CLANG_WARN_NON_LITERAL_NULL_CONVERSION = YES;
				CLANG_WARN_OBJC_IMPLICIT_RETAIN_SELF = YES;
				CLANG_WARN_OBJC_LITERAL_CONVERSION = YES;
				CLANG_WARN_OBJC_ROOT_CLASS = YES_ERROR;
				CLANG_WARN_QUOTED_INCLUDE_IN_FRAMEWORK_HEADER = YES;
				CLANG_WARN_RANGE_LOOP_ANALYSIS = YES;
				CLANG_WARN_STRICT_PROTOTYPES = YES;
				CLANG_WARN_SUSPICIOUS_MOVE = YES;
				CLANG_WARN_UNGUARDED_AVAILABILITY = YES_AGGRESSIVE;
				CLANG_WARN_UNREACHABLE_CODE = YES;
				CLANG_WARN__DUPLICATE_METHOD_MATCH = YES;
				COPY_PHASE_STRIP = NO;
				DEBUG_INFORMATION_FORMAT = "dwarf-with-dsym";
				ENABLE_NS_ASSERTIONS = NO;
				ENABLE_STRICT_OBJC_MSGSEND = YES;
				GCC_C_LANGUAGE_STANDARD = gnu11;
				GCC_NO_COMMON_BLOCKS = YES;
				GCC_WARN_64_TO_32_BIT_CONVERSION = YES;
				GCC_WARN_ABOUT_RETURN_TYPE = YES_ERROR;
				GCC_WARN_UNDECLARED_SELECTOR = YES;
				GCC_WARN_UNINITIALIZED_AUTOS = YES_AGGRESSIVE;
				GCC_WARN_UNUSED_FUNCTION = YES;
				GCC_WARN_UNUSED_VARIABLE = YES;
				IPHONEOS_DEPLOYMENT_TARGET = 14.4;
				MTL_ENABLE_DEBUG_INFO = NO;
				MTL_FAST_MATH = YES;
				SDKROOT = iphoneos;
				SWIFT_COMPILATION_MODE = wholemodule;
				SWIFT_OPTIMIZATION_LEVEL = "-O";
				VALIDATE_PRODUCT = YES;
			};
			name = Release;
		};
		154ED09625DA706400B789DD /* Debug */ = {
			isa = XCBuildConfiguration;
			buildSettings = {
				ASSETCATALOG_COMPILER_APPICON_NAME = AppIcon;
				ASSETCATALOG_COMPILER_GLOBAL_ACCENT_COLOR_NAME = AccentColor;
				CODE_SIGN_STYLE = Automatic;
				DEVELOPMENT_TEAM = K54SN783R3;
				INFOPLIST_FILE = "AFPProject-Team10.1/Info.plist";
				LD_RUNPATH_SEARCH_PATHS = (
					"$(inherited)",
					"@executable_path/Frameworks",
				);
				PRODUCT_BUNDLE_IDENTIFIER = com.team1.AFPProject1jlhdfslkh;
				PRODUCT_NAME = "$(TARGET_NAME)";
				SWIFT_VERSION = 5.0;
				TARGETED_DEVICE_FAMILY = "1,2";
			};
			name = Debug;
		};
		154ED09725DA706400B789DD /* Release */ = {
			isa = XCBuildConfiguration;
			buildSettings = {
				ASSETCATALOG_COMPILER_APPICON_NAME = AppIcon;
				ASSETCATALOG_COMPILER_GLOBAL_ACCENT_COLOR_NAME = AccentColor;
				CODE_SIGN_STYLE = Automatic;
				DEVELOPMENT_TEAM = K54SN783R3;
				INFOPLIST_FILE = "AFPProject-Team10.1/Info.plist";
				LD_RUNPATH_SEARCH_PATHS = (
					"$(inherited)",
					"@executable_path/Frameworks",
				);
				PRODUCT_BUNDLE_IDENTIFIER = com.team1.AFPProject1jlhdfslkh;
				PRODUCT_NAME = "$(TARGET_NAME)";
				SWIFT_VERSION = 5.0;
				TARGETED_DEVICE_FAMILY = "1,2";
			};
			name = Release;
		};
/* End XCBuildConfiguration section */

/* Begin XCConfigurationList section */
		154ED07925DA706300B789DD /* Build configuration list for PBXProject "AFPProject-Team10.1" */ = {
			isa = XCConfigurationList;
			buildConfigurations = (
				154ED09325DA706400B789DD /* Debug */,
				154ED09425DA706400B789DD /* Release */,
			);
			defaultConfigurationIsVisible = 0;
			defaultConfigurationName = Release;
		};
		154ED09525DA706400B789DD /* Build configuration list for PBXNativeTarget "AFPProject-Team10.1" */ = {
			isa = XCConfigurationList;
			buildConfigurations = (
				154ED09625DA706400B789DD /* Debug */,
				154ED09725DA706400B789DD /* Release */,
			);
			defaultConfigurationIsVisible = 0;
			defaultConfigurationName = Release;
		};
/* End XCConfigurationList section */

/* Begin XCVersionGroup section */
		154ED08A25DA706300B789DD /* AFPProject_Team10_1.xcdatamodeld */ = {
			isa = XCVersionGroup;
			children = (
				154ED08B25DA706300B789DD /* AFPProject_Team10_1.xcdatamodel */,
			);
			currentVersion = 154ED08B25DA706300B789DD /* AFPProject_Team10_1.xcdatamodel */;
			path = AFPProject_Team10_1.xcdatamodeld;
			sourceTree = "<group>";
			versionGroupType = wrapper.xcdatamodel;
		};
/* End XCVersionGroup section */
	};
	rootObject = 154ED07625DA706300B789DD /* Project object */;
}
